
Microsoft Visual Studio Solution File, Format Version 12.00
# Visual Studio Version 17
VisualStudioVersion = 17.6.33815.320
MinimumVisualStudioVersion = 10.0.40219.1
Project("{FAE04EC0-301F-11D3-BF4B-00C04F79EFBC}") = "WpfFuvar", "WpfFuvar.csproj", "{67971926-3CA6-42E9-A7AC-197F66B3A5C2}"
EndProject
Global
	GlobalSection(SolutionConfigurationPlatforms) = preSolution
		Debug|Any CPU = Debug|Any CPU
		Release|Any CPU = Release|Any CPU
	EndGlobalSection
	GlobalSection(ProjectConfigurationPlatforms) = postSolution
		{67971926-3CA6-42E9-A7AC-197F66B3A5C2}.Debug|Any CPU.ActiveCfg = Debug|Any CPU
		{67971926-3CA6-42E9-A7AC-197F66B3A5C2}.Debug|Any CPU.Build.0 = Debug|Any CPU
		{67971926-3CA6-42E9-A7AC-197F66B3A5C2}.Release|Any CPU.ActiveCfg = Release|Any CPU
		{67971926-3CA6-42E9-A7AC-197F66B3A5C2}.Release|Any CPU.Build.0 = Release|Any CPU
	EndGlobalSection
	GlobalSection(SolutionProperties) = preSolution
		HideSolutionNode = FALSE
	EndGlobalSection
	GlobalSection(ExtensibilityGlobals) = postSolution
		SolutionGuid = {31C54923-F726-4284-B1A9-838DC58C2D3A}
	EndGlobalSection
EndGlobal
